
Microsoft Visual Studio Solution File, Format Version 12.00
# Visual Studio Version 17
VisualStudioVersion = 17.9.34622.214
MinimumVisualStudioVersion = 10.0.40219.1
Project("{9A19103F-16F7-4668-BE54-9A1E7A4F7556}") = "FileManager", "FileManager\FileManager.csproj", "{C7E3D4F7-E3F1-46DF-B9E3-035DD4279613}"
EndProject
Project("{9A19103F-16F7-4668-BE54-9A1E7A4F7556}") = "Engine", "Engine\Engine.csproj", "{CDC4842C-6DAD-40CF-804C-E070C2C597FB}"
EndProject
Global
	GlobalSection(SolutionConfigurationPlatforms) = preSolution
		Debug|Any CPU = Debug|Any CPU
		Release|Any CPU = Release|Any CPU
	EndGlobalSection
	GlobalSection(ProjectConfigurationPlatforms) = postSolution
		{C7E3D4F7-E3F1-46DF-B9E3-035DD4279613}.Debug|Any CPU.ActiveCfg = Debug|Any CPU
		{C7E3D4F7-E3F1-46DF-B9E3-035DD4279613}.Debug|Any CPU.Build.0 = Debug|Any CPU
		{C7E3D4F7-E3F1-46DF-B9E3-035DD4279613}.Release|Any CPU.ActiveCfg = Release|Any CPU
		{C7E3D4F7-E3F1-46DF-B9E3-035DD4279613}.Release|Any CPU.Build.0 = Release|Any CPU
		{CDC4842C-6DAD-40CF-804C-E070C2C597FB}.Debug|Any CPU.ActiveCfg = Debug|Any CPU
		{CDC4842C-6DAD-40CF-804C-E070C2C597FB}.Debug|Any CPU.Build.0 = Debug|Any CPU
		{CDC4842C-6DAD-40CF-804C-E070C2C597FB}.Release|Any CPU.ActiveCfg = Release|Any CPU
		{CDC4842C-6DAD-40CF-804C-E070C2C597FB}.Release|Any CPU.Build.0 = Release|Any CPU
	EndGlobalSection
	GlobalSection(SolutionProperties) = preSolution
		HideSolutionNode = FALSE
	EndGlobalSection
	GlobalSection(ExtensibilityGlobals) = postSolution
		SolutionGuid = {31D30D48-148F-4A6D-BC12-B0F781713BE4}
	EndGlobalSection
EndGlobal
